<?xml version="1.0" encoding="utf-8"?>
<Project ToolsVersion="4.0" xmlns="http://schemas.microsoft.com/developer/msbuild/2003">
  <ItemGroup>
    <ClCompile Include="..\Classes\AppDelegate.cpp" />
    <ClCompile Include="..\Classes\cards\card.cpp" />
    <ClCompile Include="..\Classes\heroes\Hero.cpp" />
    <ClCompile Include="..\Classes\network\CocosUIListener.cpp" />
    <ClCompile Include="..\Classes\network\Photon_lib.cpp" />
    <ClCompile Include="..\Classes\scene\BoardScene.cpp" />
    <ClCompile Include="..\Classes\scene\HelloWorldScene.cpp" />
    <ClCompile Include="..\Classes\scene\MainScene.cpp" />
    <ClCompile Include="..\Classes\scene\MatchingScene.cpp" />
    <ClCompile Include="..\Classes\scene\StartScene.cpp" />
    <ClCompile Include="main.cpp" />
  </ItemGroup>
  <ItemGroup>
    <ClInclude Include="..\Classes\AppDelegate.h" />
    <ClInclude Include="..\Classes\cards\card.h" />
    <ClInclude Include="..\Classes\heroes\Hero.h" />
    <ClInclude Include="..\Classes\network\CocosUIListener.h" />
    <ClInclude Include="..\Classes\network\Photon_lib.h" />
    <ClInclude Include="..\Classes\network\UIListener.h" />
    <ClInclude Include="..\Classes\scene\BoardScene.h" />
    <ClInclude Include="..\Classes\scene\HelloWorldScene.h" />
    <ClInclude Include="..\Classes\scene\MainScene.h" />
    <ClInclude Include="..\Classes\scene\MatchingScene.h" />
    <ClInclude Include="..\Classes\scene\StartScene.h" />
    <ClInclude Include="Alluse.h" />
    <ClInclude Include="AudioPlayer.h" />
    <ClInclude Include="main.h" />
  </ItemGroup>
  <ItemGroup>
    <ResourceCompile Include="game.rc" />
  </ItemGroup>
</Project>